
Microsoft Visual Studio Solution File, Format Version 12.00
# Visual Studio Version 17
VisualStudioVersion = 17.14.36511.14 d17.14
MinimumVisualStudioVersion = 10.0.40219.1
Project("{FAE04EC0-301F-11D3-BF4B-00C04F79EFBC}") = "To-Do-List", "To-Do-List\To-Do-List.csproj", "{225BDB5C-0766-4F89-8827-F129A5309975}"
EndProject
Global
	GlobalSection(SolutionConfigurationPlatforms) = preSolution
		Debug|Any CPU = Debug|Any CPU
		Release|Any CPU = Release|Any CPU
	EndGlobalSection
	GlobalSection(ProjectConfigurationPlatforms) = postSolution
		{225BDB5C-0766-4F89-8827-F129A5309975}.Debug|Any CPU.ActiveCfg = Debug|Any CPU
		{225BDB5C-0766-4F89-8827-F129A5309975}.Debug|Any CPU.Build.0 = Debug|Any CPU
		{225BDB5C-0766-4F89-8827-F129A5309975}.Release|Any CPU.ActiveCfg = Release|Any CPU
		{225BDB5C-0766-4F89-8827-F129A5309975}.Release|Any CPU.Build.0 = Release|Any CPU
	EndGlobalSection
	GlobalSection(SolutionProperties) = preSolution
		HideSolutionNode = FALSE
	EndGlobalSection
	GlobalSection(ExtensibilityGlobals) = postSolution
		SolutionGuid = {D162ABCA-9752-4F91-BC4F-9D1384D643A3}
	EndGlobalSection
EndGlobal
